
Microsoft Visual Studio Solution File, Format Version 12.00
# Visual Studio Version 17
VisualStudioVersion = 17.3.32901.215
MinimumVisualStudioVersion = 10.0.40219.1
Project("{FAE04EC0-301F-11D3-BF4B-00C04F79EFBC}") = "taksit-", "taksit-\taksit-.csproj", "{54AC7329-79BC-4D4A-B892-9C73ECE50B33}"
EndProject
Global
	GlobalSection(SolutionConfigurationPlatforms) = preSolution
		Debug|Any CPU = Debug|Any CPU
		Release|Any CPU = Release|Any CPU
	EndGlobalSection
	GlobalSection(ProjectConfigurationPlatforms) = postSolution
		{54AC7329-79BC-4D4A-B892-9C73ECE50B33}.Debug|Any CPU.ActiveCfg = Debug|Any CPU
		{54AC7329-79BC-4D4A-B892-9C73ECE50B33}.Debug|Any CPU.Build.0 = Debug|Any CPU
		{54AC7329-79BC-4D4A-B892-9C73ECE50B33}.Release|Any CPU.ActiveCfg = Release|Any CPU
		{54AC7329-79BC-4D4A-B892-9C73ECE50B33}.Release|Any CPU.Build.0 = Release|Any CPU
	EndGlobalSection
	GlobalSection(SolutionProperties) = preSolution
		HideSolutionNode = FALSE
	EndGlobalSection
	GlobalSection(ExtensibilityGlobals) = postSolution
		SolutionGuid = {2081E2F4-1D0E-4FEB-837E-AFEE50F85194}
	EndGlobalSection
EndGlobal
